
Microsoft Visual Studio Solution File, Format Version 12.00
# Visual Studio Version 16
VisualStudioVersion = 16.0.29728.190
MinimumVisualStudioVersion = 10.0.40219.1
Project("{FAE04EC0-301F-11D3-BF4B-00C04F79EFBC}") = "Lab_18", "Lab_18\Lab_18.csproj", "{9EC53F4C-2242-4CE2-A8A5-BE9FB54F096A}"
EndProject
Global
	GlobalSection(SolutionConfigurationPlatforms) = preSolution
		Debug|Any CPU = Debug|Any CPU
		Release|Any CPU = Release|Any CPU
	EndGlobalSection
	GlobalSection(ProjectConfigurationPlatforms) = postSolution
		{9EC53F4C-2242-4CE2-A8A5-BE9FB54F096A}.Debug|Any CPU.ActiveCfg = Debug|Any CPU
		{9EC53F4C-2242-4CE2-A8A5-BE9FB54F096A}.Debug|Any CPU.Build.0 = Debug|Any CPU
		{9EC53F4C-2242-4CE2-A8A5-BE9FB54F096A}.Release|Any CPU.ActiveCfg = Release|Any CPU
		{9EC53F4C-2242-4CE2-A8A5-BE9FB54F096A}.Release|Any CPU.Build.0 = Release|Any CPU
	EndGlobalSection
	GlobalSection(SolutionProperties) = preSolution
		HideSolutionNode = FALSE
	EndGlobalSection
	GlobalSection(ExtensibilityGlobals) = postSolution
		SolutionGuid = {E00F2C57-F9C1-4F13-9D41-8C6BEB673660}
	EndGlobalSection
EndGlobal
